
Microsoft Visual Studio Solution File, Format Version 12.00
# Visual Studio 14
VisualStudioVersion = 14.0.24720.0
MinimumVisualStudioVersion = 10.0.40219.1
Project("{FAE04EC0-301F-11D3-BF4B-00C04F79EFBC}") = "SimpleEvolutionaryAlgorithm", "SimpleEvolutionaryAlgorithm\SimpleEvolutionaryAlgorithm.csproj", "{BA19734F-816A-4F4B-B7A8-58502D74E9A5}"
EndProject
Project("{FAE04EC0-301F-11D3-BF4B-00C04F79EFBC}") = "SimpleEvolutionaryAlgorithm.Test", "SimpleEvolutionaryAlgorithm.Test\SimpleEvolutionaryAlgorithm.Test.csproj", "{C332C34A-E8B0-4F66-BEAA-557B74A18F15}"
EndProject
Project("{FAE04EC0-301F-11D3-BF4B-00C04F79EFBC}") = "BasicNeuralNetwork", "BasicNeuralNetwork\BasicNeuralNetwork.csproj", "{241FDE44-D9B0-404A-BBC8-ACC63DA0ABDF}"
EndProject
Project("{FAE04EC0-301F-11D3-BF4B-00C04F79EFBC}") = "BasicNeuralNetwork.Test", "BasicNeuralNetwork.Test\BasicNeuralNetwork.Test.csproj", "{0A4D5712-81A0-45B7-9C76-3F815B85A582}"
EndProject
Global
	GlobalSection(SolutionConfigurationPlatforms) = preSolution
		Debug|Any CPU = Debug|Any CPU
		Release|Any CPU = Release|Any CPU
	EndGlobalSection
	GlobalSection(ProjectConfigurationPlatforms) = postSolution
		{BA19734F-816A-4F4B-B7A8-58502D74E9A5}.Debug|Any CPU.ActiveCfg = Debug|Any CPU
		{BA19734F-816A-4F4B-B7A8-58502D74E9A5}.Debug|Any CPU.Build.0 = Debug|Any CPU
		{BA19734F-816A-4F4B-B7A8-58502D74E9A5}.Release|Any CPU.ActiveCfg = Release|Any CPU
		{BA19734F-816A-4F4B-B7A8-58502D74E9A5}.Release|Any CPU.Build.0 = Release|Any CPU
		{C332C34A-E8B0-4F66-BEAA-557B74A18F15}.Debug|Any CPU.ActiveCfg = Debug|Any CPU
		{C332C34A-E8B0-4F66-BEAA-557B74A18F15}.Debug|Any CPU.Build.0 = Debug|Any CPU
		{C332C34A-E8B0-4F66-BEAA-557B74A18F15}.Release|Any CPU.ActiveCfg = Release|Any CPU
		{C332C34A-E8B0-4F66-BEAA-557B74A18F15}.Release|Any CPU.Build.0 = Release|Any CPU
		{241FDE44-D9B0-404A-BBC8-ACC63DA0ABDF}.Debug|Any CPU.ActiveCfg = Debug|Any CPU
		{241FDE44-D9B0-404A-BBC8-ACC63DA0ABDF}.Debug|Any CPU.Build.0 = Debug|Any CPU
		{241FDE44-D9B0-404A-BBC8-ACC63DA0ABDF}.Release|Any CPU.ActiveCfg = Release|Any CPU
		{241FDE44-D9B0-404A-BBC8-ACC63DA0ABDF}.Release|Any CPU.Build.0 = Release|Any CPU
		{0A4D5712-81A0-45B7-9C76-3F815B85A582}.Debug|Any CPU.ActiveCfg = Debug|Any CPU
		{0A4D5712-81A0-45B7-9C76-3F815B85A582}.Debug|Any CPU.Build.0 = Debug|Any CPU
		{0A4D5712-81A0-45B7-9C76-3F815B85A582}.Release|Any CPU.ActiveCfg = Release|Any CPU
		{0A4D5712-81A0-45B7-9C76-3F815B85A582}.Release|Any CPU.Build.0 = Release|Any CPU
	EndGlobalSection
	GlobalSection(SolutionProperties) = preSolution
		HideSolutionNode = FALSE
	EndGlobalSection
EndGlobal
